{
  "name": "server",
  "version": "1.0.0",
  "lockfileVersion": 3,
  "requires": true,
  "packages": {
    "": {
      "name": "server",
      "version": "1.0.0",
      "license": "ISC",
      "dependencies": {
        "@types/uzip": "^0.20201231.2",
        "uzip": "^0.20201231.0",
        "ws": "^8.20.0"
      },
      "devDependencies": {
        "@types/node": "^22",
        "@types/ws": "^8.18.1",
        "@typescript/native-preview": "^7.0.0-dev.20260401.1",
        "@wecom/crypto": "^1.0.1"
      }
    },
    "node_modules/@types/node": {
      "version": "22.19.15",
      "resolved": "https://registry.npmjs.org/@types/node/-/node-22.19.15.tgz",
      "integrity": "sha512-F0R/h2+dsy5wJAUe3tAU6oqa2qbWY5TpNfL/RGmo1y38hiyO1w3x2jPtt76wmuaJI4DQnOBu21cNXQ2STIUUWg==",
      "dev": true,
      "license": "MIT",
      "dependencies": {
        "undici-types": "~6.21.0"
      }
    },
    "node_modules/@types/uzip": {
      "version": "0.20201231.2",
      "resolved": "https://registry.npmjs.org/@types/uzip/-/uzip-0.20201231.2.tgz",
      "integrity": "sha512-l8n/uaJDoxv2hMMWKCaq6l/umbCZjq6CMr8z2wuteB7lKoIwHrIlMZ3AwAuc+olmOK1AobfvK1PPfr5wl7lkWQ==",
      "license": "MIT"
    },
    "node_modules/@types/ws": {
      "version": "8.18.1",
      "resolved": "https://registry.npmjs.org/@types/ws/-/ws-8.18.1.tgz",
      "integrity": "sha512-ThVF6DCVhA8kUGy+aazFQ4kXQ7E1Ty7A3ypFOe0IcJV8O/M511G99AW24irKrW56Wt44yG9+ij8FaqoBGkuBXg==",
      "dev": true,
      "license": "MIT",
      "dependencies": {
        "@types/node": "*"
      }
    },
    "node_modules/@typescript/native-preview": {
      "version": "7.0.0-dev.20260401.1",
      "resolved": "https://registry.npmjs.org/@typescript/native-preview/-/native-preview-7.0.0-dev.20260401.1.tgz",
      "integrity": "sha512-xJcN9WlY/P6xKjCMH4+DTzZSj/EKR6H9avuqUKs4eKyPEvaQ4bX+9Ys3Vl2qhlUaD7IRWY7HN7db0LHAGlWRSA==",
      "dev": true,
      "license": "Apache-2.0",
      "bin": {
        "tsgo": "bin/tsgo.js"
      },
      "optionalDependencies": {
        "@typescript/native-preview-darwin-arm64": "7.0.0-dev.20260401.1",
        "@typescript/native-preview-darwin-x64": "7.0.0-dev.20260401.1",
        "@typescript/native-preview-linux-arm": "7.0.0-dev.20260401.1",
        "@typescript/native-preview-linux-arm64": "7.0.0-dev.20260401.1",
        "@typescript/native-preview-linux-x64": "7.0.0-dev.20260401.1",
        "@typescript/native-preview-win32-arm64": "7.0.0-dev.20260401.1",
        "@typescript/native-preview-win32-x64": "7.0.0-dev.20260401.1"
      }
    },
    "node_modules/@typescript/native-preview-darwin-arm64": {
      "version": "7.0.0-dev.20260401.1",
      "resolved": "https://registry.npmjs.org/@typescript/native-preview-darwin-arm64/-/native-preview-darwin-arm64-7.0.0-dev.20260401.1.tgz",
      "integrity": "sha512-9PCc1D4/zLic30g1upOw6ZmUl98fnrXYRv5wIZ6fxm1zZAObieRKUX3Jbr8M9N8iQQFxPIZPniIScsxAbmbJvw==",
      "cpu": [
        "arm64"
      ],
      "dev": true,
      "license": "Apache-2.0",
      "optional": true,
      "os": [
        "darwin"
      ]
    },
    "node_modules/@typescript/native-preview-darwin-x64": {
      "version": "7.0.0-dev.20260401.1",
      "resolved": "https://registry.npmjs.org/@typescript/native-preview-darwin-x64/-/native-preview-darwin-x64-7.0.0-dev.20260401.1.tgz",
      "integrity": "sha512-wwzca1KrjSVC6ApXfITsg/wF4GGbhVYebc7zChpuyi+phrHfw6ThTPB5XFUH4nA32vqw0Hn/6KACipMgzg8GPA==",
      "cpu": [
        "x64"
      ],
      "dev": true,
      "license": "Apache-2.0",
      "optional": true,
      "os": [
        "darwin"
      ]
    },
    "node_modules/@typescript/native-preview-linux-arm": {
      "version": "7.0.0-dev.20260401.1",
      "resolved": "https://registry.npmjs.org/@typescript/native-preview-linux-arm/-/native-preview-linux-arm-7.0.0-dev.20260401.1.tgz",
      "integrity": "sha512-bbIkRZYjtyoyCJ3wFES7qn3EwYO5Go1hxArL5X5oWiBmUHq5gMIxTZDv5mpWxopVf9Eyh4ErHefXjf1s4J+6Ag==",
      "cpu": [
        "arm"
      ],
      "dev": true,
      "license": "Apache-2.0",
      "optional": true,
      "os": [
        "linux"
      ]
    },
    "node_modules/@typescript/native-preview-linux-arm64": {
      "version": "7.0.0-dev.20260401.1",
      "resolved": "https://registry.npmjs.org/@typescript/native-preview-linux-arm64/-/native-preview-linux-arm64-7.0.0-dev.20260401.1.tgz",
      "integrity": "sha512-1hgKibGi4QZF1J0hKltgY4nj4yKDmI4Ang5ar80I+YeUdGxV/fP2kU3bJang7QtHuSso6W+a52SF62zgqbzdow==",
      "cpu": [
        "arm64"
      ],
      "dev": true,
      "license": "Apache-2.0",
      "optional": true,
      "os": [
        "linux"
      ]
    },
    "node_modules/@typescript/native-preview-linux-x64": {
      "version": "7.0.0-dev.20260401.1",
      "resolved": "https://registry.npmjs.org/@typescript/native-preview-linux-x64/-/native-preview-linux-x64-7.0.0-dev.20260401.1.tgz",
      "integrity": "sha512-1ysZ4c/Wa3RYIlrwVceYlhb1m1hxQ4P2x92valZXH0bNWEPb+oiQ4Yf35O/vi5h8zDdX/ZQ59vivYl27cF1VVA==",
      "cpu": [
        "x64"
      ],
      "dev": true,
      "license": "Apache-2.0",
      "optional": true,
      "os": [
        "linux"
      ]
    },
    "node_modules/@typescript/native-preview-win32-arm64": {
      "version": "7.0.0-dev.20260401.1",
      "resolved": "https://registry.npmjs.org/@typescript/native-preview-win32-arm64/-/native-preview-win32-arm64-7.0.0-dev.20260401.1.tgz",
      "integrity": "sha512-fZYLCRe36y1BuzRFFpU2/RQ212l6Y1dccRMh8oTB8HlAVAAwtbkb6cjEn0Ablj4Dy16+Ih8R9uHsxPLNhtKw1Q==",
      "cpu": [
        "arm64"
      ],
      "dev": true,
      "license": "Apache-2.0",
      "optional": true,
      "os": [
        "win32"
      ]
    },
    "node_modules/@typescript/native-preview-win32-x64": {
      "version": "7.0.0-dev.20260401.1",
      "resolved": "https://registry.npmjs.org/@typescript/native-preview-win32-x64/-/native-preview-win32-x64-7.0.0-dev.20260401.1.tgz",
      "integrity": "sha512-I6ses4SjWvpbvSpm1BPFRrDeqrzu7JTchJG/a26iwwmTLv4fAGLc5/o6Kv9Naygozop1W3KOcVM5i3A9oxiIjQ==",
      "cpu": [
        "x64"
      ],
      "dev": true,
      "license": "Apache-2.0",
      "optional": true,
      "os": [
        "win32"
      ]
    },
    "node_modules/@wecom/crypto": {
      "version": "1.0.1",
      "resolved": "https://registry.npmjs.org/@wecom/crypto/-/crypto-1.0.1.tgz",
      "integrity": "sha512-K4Ilkl1l64ceJDbj/kflx8ND/J88pcl8tKx4Ivp7IiCrshRJU+Uo5uWCjAa+PjUiLIdcQSZ4m4d0t1npMPCX5A==",
      "dev": true,
      "license": "MIT"
    },
    "node_modules/undici-types": {
      "version": "6.21.0",
      "resolved": "https://registry.npmjs.org/undici-types/-/undici-types-6.21.0.tgz",
      "integrity": "sha512-iwDZqg0QAGrg9Rav5H4n0M64c3mkR59cJ6wQp+7C4nI0gsmExaedaYLNO44eT4AtBBwjbTiGPMlt2Md0T9H9JQ==",
      "dev": true,
      "license": "MIT"
    },
    "node_modules/uzip": {
      "version": "0.20201231.0",
      "resolved": "https://registry.npmjs.org/uzip/-/uzip-0.20201231.0.tgz",
      "integrity": "sha512-OZeJfZP+R0z9D6TmBgLq2LHzSSptGMGDGigGiEe0pr8UBe/7fdflgHlHBNDASTXB5jnFuxHpNaJywSg8YFeGng==",
      "license": "MIT"
    },
    "node_modules/ws": {
      "version": "8.20.0",
      "resolved": "https://registry.npmjs.org/ws/-/ws-8.20.0.tgz",
      "integrity": "sha512-sAt8BhgNbzCtgGbt2OxmpuryO63ZoDk/sqaB/znQm94T4fCEsy/yV+7CdC1kJhOU9lboAEU7R3kquuycDoibVA==",
      "license": "MIT",
      "engines": {
        "node": ">=10.0.0"
      },
      "peerDependencies": {
        "bufferutil": "^4.0.1",
        "utf-8-validate": ">=5.0.2"
      },
      "peerDependenciesMeta": {
        "bufferutil": {
          "optional": true
        },
        "utf-8-validate": {
          "optional": true
        }
      }
    }
  }
}
