{
  "name": "api",
  "version": "1.0.0",
  "lockfileVersion": 3,
  "requires": true,
  "packages": {
    "": {
      "name": "api",
      "version": "1.0.0",
      "license": "ISC",
      "dependencies": {
        "@typescript/native-preview": "^7.0.0-dev.20260525.1"
      }
    },
    "node_modules/@typescript/native-preview": {
      "version": "7.0.0-dev.20260525.1",
      "resolved": "https://registry.npmjs.org/@typescript/native-preview/-/native-preview-7.0.0-dev.20260525.1.tgz",
      "integrity": "sha512-hZ3BSv2Q45UZPC8mi7YIWNRirdT99eipknsgigp7GfczYisSjfn6/XERgUfspHDWI7k4zM/KK4j/peHWtpqcmg==",
      "license": "Apache-2.0",
      "bin": {
        "tsgo": "bin/tsgo.js"
      },
      "engines": {
        "node": ">=16.20.0"
      },
      "optionalDependencies": {
        "@typescript/native-preview-darwin-arm64": "7.0.0-dev.20260525.1",
        "@typescript/native-preview-darwin-x64": "7.0.0-dev.20260525.1",
        "@typescript/native-preview-linux-arm": "7.0.0-dev.20260525.1",
        "@typescript/native-preview-linux-arm64": "7.0.0-dev.20260525.1",
        "@typescript/native-preview-linux-x64": "7.0.0-dev.20260525.1",
        "@typescript/native-preview-win32-arm64": "7.0.0-dev.20260525.1",
        "@typescript/native-preview-win32-x64": "7.0.0-dev.20260525.1"
      }
    },
    "node_modules/@typescript/native-preview-darwin-arm64": {
      "version": "7.0.0-dev.20260525.1",
      "resolved": "https://registry.npmjs.org/@typescript/native-preview-darwin-arm64/-/native-preview-darwin-arm64-7.0.0-dev.20260525.1.tgz",
      "integrity": "sha512-x0ClBYc6xQDLXvpRn/zg6SViX/r1F8LXHyfSHmKx4ieiaZiVvGsEww/qzdHind+Y62MIUN3e/XfDFrpRxWDv0g==",
      "cpu": [
        "arm64"
      ],
      "license": "Apache-2.0",
      "optional": true,
      "os": [
        "darwin"
      ],
      "engines": {
        "node": ">=16.20.0"
      }
    },
    "node_modules/@typescript/native-preview-darwin-x64": {
      "version": "7.0.0-dev.20260525.1",
      "resolved": "https://registry.npmjs.org/@typescript/native-preview-darwin-x64/-/native-preview-darwin-x64-7.0.0-dev.20260525.1.tgz",
      "integrity": "sha512-CSHbx6HfM+xXqceGFtG4kcqqoQ5xjT1BHO0bqLfLeQtKlMlze59dIV2DbOb5Aj6wm2ACTKU4K9aurJDdHARx1g==",
      "cpu": [
        "x64"
      ],
      "license": "Apache-2.0",
      "optional": true,
      "os": [
        "darwin"
      ],
      "engines": {
        "node": ">=16.20.0"
      }
    },
    "node_modules/@typescript/native-preview-linux-arm": {
      "version": "7.0.0-dev.20260525.1",
      "resolved": "https://registry.npmjs.org/@typescript/native-preview-linux-arm/-/native-preview-linux-arm-7.0.0-dev.20260525.1.tgz",
      "integrity": "sha512-hY2EVAaGc1bsaxthJiNUbzn6ESkMSLBiWRCNhQl8XdhDWew8KhKCjw4DHe0lAYSdxLJBe6fCPpcFjDnoSowBxA==",
      "cpu": [
        "arm"
      ],
      "license": "Apache-2.0",
      "optional": true,
      "os": [
        "linux"
      ],
      "engines": {
        "node": ">=16.20.0"
      }
    },
    "node_modules/@typescript/native-preview-linux-arm64": {
      "version": "7.0.0-dev.20260525.1",
      "resolved": "https://registry.npmjs.org/@typescript/native-preview-linux-arm64/-/native-preview-linux-arm64-7.0.0-dev.20260525.1.tgz",
      "integrity": "sha512-0DFKd3EuZ/Z0/mB114mATrlRxQUo7rcpXYgd5CJN7y1dbIgkavbjVamzzJKt3s42tkJGfdys83w6aIHDu6fykw==",
      "cpu": [
        "arm64"
      ],
      "license": "Apache-2.0",
      "optional": true,
      "os": [
        "linux"
      ],
      "engines": {
        "node": ">=16.20.0"
      }
    },
    "node_modules/@typescript/native-preview-linux-x64": {
      "version": "7.0.0-dev.20260525.1",
      "resolved": "https://registry.npmjs.org/@typescript/native-preview-linux-x64/-/native-preview-linux-x64-7.0.0-dev.20260525.1.tgz",
      "integrity": "sha512-GhC0kXeYxn55Rk3klmWET/Y033AHeMzLBMO58yP7R8m5ZdGiBisejDZnvttzczYJtgT42LNOtVmbtsG/+R8XWw==",
      "cpu": [
        "x64"
      ],
      "license": "Apache-2.0",
      "optional": true,
      "os": [
        "linux"
      ],
      "engines": {
        "node": ">=16.20.0"
      }
    },
    "node_modules/@typescript/native-preview-win32-arm64": {
      "version": "7.0.0-dev.20260525.1",
      "resolved": "https://registry.npmjs.org/@typescript/native-preview-win32-arm64/-/native-preview-win32-arm64-7.0.0-dev.20260525.1.tgz",
      "integrity": "sha512-L2+bsx73FyuEzLNgybtIxhnT9lYYAh9rTRFWZ4wZlJg44DGstjgz4FBKVHBO/cm3Hz7YNWeJESrB9ROUNbffPg==",
      "cpu": [
        "arm64"
      ],
      "license": "Apache-2.0",
      "optional": true,
      "os": [
        "win32"
      ],
      "engines": {
        "node": ">=16.20.0"
      }
    },
    "node_modules/@typescript/native-preview-win32-x64": {
      "version": "7.0.0-dev.20260525.1",
      "resolved": "https://registry.npmjs.org/@typescript/native-preview-win32-x64/-/native-preview-win32-x64-7.0.0-dev.20260525.1.tgz",
      "integrity": "sha512-xJCdFz9smVQVpXYW0vZZJsM0GIANPqSt8eMDRYfDY6M/BcXNXYOAt7tsxnSRyYWnFf9Ci7wKNRZaihZrDJ2m6A==",
      "cpu": [
        "x64"
      ],
      "license": "Apache-2.0",
      "optional": true,
      "os": [
        "win32"
      ],
      "engines": {
        "node": ">=16.20.0"
      }
    }
  }
}
